
Microsoft Visual Studio Solution File, Format Version 12.00
# Visual Studio 15
VisualStudioVersion = 15.0.28307.1082
MinimumVisualStudioVersion = 10.0.40219.1
Project("{FAE04EC0-301F-11D3-BF4B-00C04F79EFBC}") = "Demo_HangFire", "Demo_HangFire\Demo_HangFire.csproj", "{5010F2B3-55F8-4D59-8BBA-D9C83A169B22}"
EndProject
Project("{FAE04EC0-301F-11D3-BF4B-00C04F79EFBC}") = "Demo_HangFire3", "Demo_HangFire3\Demo_HangFire3.csproj", "{DF212182-C0BF-4324-A252-CB878995AD5A}"
EndProject
Global
	GlobalSection(SolutionConfigurationPlatforms) = preSolution
		Debug|Any CPU = Debug|Any CPU
		Release|Any CPU = Release|Any CPU
	EndGlobalSection
	GlobalSection(ProjectConfigurationPlatforms) = postSolution
		{5010F2B3-55F8-4D59-8BBA-D9C83A169B22}.Debug|Any CPU.ActiveCfg = Debug|Any CPU
		{5010F2B3-55F8-4D59-8BBA-D9C83A169B22}.Debug|Any CPU.Build.0 = Debug|Any CPU
		{5010F2B3-55F8-4D59-8BBA-D9C83A169B22}.Release|Any CPU.ActiveCfg = Release|Any CPU
		{5010F2B3-55F8-4D59-8BBA-D9C83A169B22}.Release|Any CPU.Build.0 = Release|Any CPU
		{DF212182-C0BF-4324-A252-CB878995AD5A}.Debug|Any CPU.ActiveCfg = Debug|Any CPU
		{DF212182-C0BF-4324-A252-CB878995AD5A}.Debug|Any CPU.Build.0 = Debug|Any CPU
		{DF212182-C0BF-4324-A252-CB878995AD5A}.Release|Any CPU.ActiveCfg = Release|Any CPU
		{DF212182-C0BF-4324-A252-CB878995AD5A}.Release|Any CPU.Build.0 = Release|Any CPU
	EndGlobalSection
	GlobalSection(SolutionProperties) = preSolution
		HideSolutionNode = FALSE
	EndGlobalSection
	GlobalSection(ExtensibilityGlobals) = postSolution
		SolutionGuid = {61BBB0C9-EDA5-41B8-9702-16952246807B}
	EndGlobalSection
EndGlobal
